{
  "requires": true,
  "lockfileVersion": 1,
  "dependencies": {
    "bootstrap": {
      "version": "5.0.1",
      "resolved": "https://registry.npmjs.org/bootstrap/-/bootstrap-5.0.1.tgz",
      "integrity": "sha512-Fl79+wsLOZKoiU345KeEaWD0ik8WKRI5zm0YSPj2oF1Qr+BO7z0fco6GbUtqjoG1h4VI89PeKJnMsMMVQdKKTw=="
    },
    "startbootstrap-resume": {
      "version": "7.0.1",
      "resolved": "https://registry.npmjs.org/startbootstrap-resume/-/startbootstrap-resume-7.0.1.tgz",
      "integrity": "sha512-I5TL9xzig+pQfl7qeQPbg9w9mI4VQUhHhLpKHJJDleBrUUqOs/lGQ8S1yj9hL5DcLF6rffZRAl46VvVu8KKjaw==",
      "requires": {
        "bootstrap": "5.0.1"
      }
    }
  }
}
